# This file is automatically @generated by Cargo.
# It is not intended for manual editing.
version = 4

[[package]]
name = "sipral"
version = "0.0.1"

[[package]]
name = "sipral-core"
version = "0.0.1"

[[package]]
name = "sipral-ffi"
version = "0.0.1"
dependencies = [
 "sipral-core",
 "sipral-ua",
]

[[package]]
name = "sipral-headless"
version = "0.0.1"

[[package]]
name = "sipral-interop"
version = "0.0.1"
dependencies = [
 "sipral-core",
 "sipral-ua",
]

[[package]]
name = "sipral-io-coreaudio"
version = "0.0.1"

[[package]]
name = "sipral-media"
version = "0.0.1"

[[package]]
name = "sipral-nat"
version = "0.0.1"
dependencies = [
 "sipral-core",
]

[[package]]
name = "sipral-rtp"
version = "0.0.1"

[[package]]
name = "sipral-ua"
version = "0.0.1"
dependencies = [
 "sipral-core",
]
